
Microsoft Visual Studio Solution File, Format Version 12.00
# Visual Studio Version 16
VisualStudioVersion = 16.0.29509.3
MinimumVisualStudioVersion = 10.0.40219.1
Project("{FAE04EC0-301F-11D3-BF4B-00C04F79EFBC}") = "Reversi", "Reversi.csproj", "{65A4D61B-1D32-47CA-85C8-242523242DFC}"
EndProject
Global
	GlobalSection(SolutionConfigurationPlatforms) = preSolution
		Debug|Any CPU = Debug|Any CPU
		Release|Any CPU = Release|Any CPU
	EndGlobalSection
	GlobalSection(ProjectConfigurationPlatforms) = postSolution
		{65A4D61B-1D32-47CA-85C8-242523242DFC}.Debug|Any CPU.ActiveCfg = Debug|Any CPU
		{65A4D61B-1D32-47CA-85C8-242523242DFC}.Debug|Any CPU.Build.0 = Debug|Any CPU
		{65A4D61B-1D32-47CA-85C8-242523242DFC}.Release|Any CPU.ActiveCfg = Release|Any CPU
		{65A4D61B-1D32-47CA-85C8-242523242DFC}.Release|Any CPU.Build.0 = Release|Any CPU
	EndGlobalSection
	GlobalSection(SolutionProperties) = preSolution
		HideSolutionNode = FALSE
	EndGlobalSection
	GlobalSection(ExtensibilityGlobals) = postSolution
		SolutionGuid = {32FDAD8B-543B-42D7-97C4-1BE4330618BE}
	EndGlobalSection
EndGlobal
